
Microsoft Visual Studio Solution File, Format Version 12.00
# Visual Studio Version 17
VisualStudioVersion = 17.11.35327.3
MinimumVisualStudioVersion = 10.0.40219.1
Project("{FAE04EC0-301F-11D3-BF4B-00C04F79EFBC}") = "Task_1", "Task_1\Task_1.csproj", "{C1C6BE8A-90E3-48CD-9CDE-719D1540650B}"
EndProject
Project("{FAE04EC0-301F-11D3-BF4B-00C04F79EFBC}") = "Task_2", "Task_2\Task_2.csproj", "{BD0001CD-335C-4828-8850-B1A25320467F}"
EndProject
Global
	GlobalSection(SolutionConfigurationPlatforms) = preSolution
		Debug|Any CPU = Debug|Any CPU
		Release|Any CPU = Release|Any CPU
	EndGlobalSection
	GlobalSection(ProjectConfigurationPlatforms) = postSolution
		{C1C6BE8A-90E3-48CD-9CDE-719D1540650B}.Debug|Any CPU.ActiveCfg = Debug|Any CPU
		{C1C6BE8A-90E3-48CD-9CDE-719D1540650B}.Debug|Any CPU.Build.0 = Debug|Any CPU
		{C1C6BE8A-90E3-48CD-9CDE-719D1540650B}.Release|Any CPU.ActiveCfg = Release|Any CPU
		{C1C6BE8A-90E3-48CD-9CDE-719D1540650B}.Release|Any CPU.Build.0 = Release|Any CPU
		{BD0001CD-335C-4828-8850-B1A25320467F}.Debug|Any CPU.ActiveCfg = Debug|Any CPU
		{BD0001CD-335C-4828-8850-B1A25320467F}.Debug|Any CPU.Build.0 = Debug|Any CPU
		{BD0001CD-335C-4828-8850-B1A25320467F}.Release|Any CPU.ActiveCfg = Release|Any CPU
		{BD0001CD-335C-4828-8850-B1A25320467F}.Release|Any CPU.Build.0 = Release|Any CPU
	EndGlobalSection
	GlobalSection(SolutionProperties) = preSolution
		HideSolutionNode = FALSE
	EndGlobalSection
	GlobalSection(ExtensibilityGlobals) = postSolution
		SolutionGuid = {8473328E-B211-4884-86F6-6BB496E64894}
	EndGlobalSection
EndGlobal
